
Microsoft Visual Studio Solution File, Format Version 12.00
# Visual Studio Version 17
VisualStudioVersion = 17.1.32319.34
MinimumVisualStudioVersion = 10.0.40219.1
Project("{FAE04EC0-301F-11D3-BF4B-00C04F79EFBC}") = "1013", "1013\1013.csproj", "{EF09D849-F277-4597-A0ED-D3E4B032BB85}"
EndProject
Global
	GlobalSection(SolutionConfigurationPlatforms) = preSolution
		Debug|Any CPU = Debug|Any CPU
		Release|Any CPU = Release|Any CPU
	EndGlobalSection
	GlobalSection(ProjectConfigurationPlatforms) = postSolution
		{EF09D849-F277-4597-A0ED-D3E4B032BB85}.Debug|Any CPU.ActiveCfg = Debug|Any CPU
		{EF09D849-F277-4597-A0ED-D3E4B032BB85}.Debug|Any CPU.Build.0 = Debug|Any CPU
		{EF09D849-F277-4597-A0ED-D3E4B032BB85}.Release|Any CPU.ActiveCfg = Release|Any CPU
		{EF09D849-F277-4597-A0ED-D3E4B032BB85}.Release|Any CPU.Build.0 = Release|Any CPU
	EndGlobalSection
	GlobalSection(SolutionProperties) = preSolution
		HideSolutionNode = FALSE
	EndGlobalSection
	GlobalSection(ExtensibilityGlobals) = postSolution
		SolutionGuid = {395994EA-9C27-4E99-A664-5F9430B1D8E7}
	EndGlobalSection
EndGlobal
