
Microsoft Visual Studio Solution File, Format Version 12.00
# Visual Studio Version 17
VisualStudioVersion = 17.1.32319.34
MinimumVisualStudioVersion = 10.0.40219.1
Project("{FAE04EC0-301F-11D3-BF4B-00C04F79EFBC}") = "1012", "1012\1012.csproj", "{3CF9B6B5-2E40-4033-B0AF-C8F9261EAE02}"
EndProject
Global
	GlobalSection(SolutionConfigurationPlatforms) = preSolution
		Debug|Any CPU = Debug|Any CPU
		Release|Any CPU = Release|Any CPU
	EndGlobalSection
	GlobalSection(ProjectConfigurationPlatforms) = postSolution
		{3CF9B6B5-2E40-4033-B0AF-C8F9261EAE02}.Debug|Any CPU.ActiveCfg = Debug|Any CPU
		{3CF9B6B5-2E40-4033-B0AF-C8F9261EAE02}.Debug|Any CPU.Build.0 = Debug|Any CPU
		{3CF9B6B5-2E40-4033-B0AF-C8F9261EAE02}.Release|Any CPU.ActiveCfg = Release|Any CPU
		{3CF9B6B5-2E40-4033-B0AF-C8F9261EAE02}.Release|Any CPU.Build.0 = Release|Any CPU
	EndGlobalSection
	GlobalSection(SolutionProperties) = preSolution
		HideSolutionNode = FALSE
	EndGlobalSection
	GlobalSection(ExtensibilityGlobals) = postSolution
		SolutionGuid = {B51C78B7-5B41-4FB5-92C5-ACE2286FA798}
	EndGlobalSection
EndGlobal
