
Microsoft Visual Studio Solution File, Format Version 12.00
# Visual Studio Version 17
VisualStudioVersion = 17.1.32319.34
MinimumVisualStudioVersion = 10.0.40219.1
Project("{FAE04EC0-301F-11D3-BF4B-00C04F79EFBC}") = "1061", "1061\1061.csproj", "{56E4495E-A58D-4943-B827-4C7D6162EC7A}"
EndProject
Global
	GlobalSection(SolutionConfigurationPlatforms) = preSolution
		Debug|Any CPU = Debug|Any CPU
		Release|Any CPU = Release|Any CPU
	EndGlobalSection
	GlobalSection(ProjectConfigurationPlatforms) = postSolution
		{56E4495E-A58D-4943-B827-4C7D6162EC7A}.Debug|Any CPU.ActiveCfg = Debug|Any CPU
		{56E4495E-A58D-4943-B827-4C7D6162EC7A}.Debug|Any CPU.Build.0 = Debug|Any CPU
		{56E4495E-A58D-4943-B827-4C7D6162EC7A}.Release|Any CPU.ActiveCfg = Release|Any CPU
		{56E4495E-A58D-4943-B827-4C7D6162EC7A}.Release|Any CPU.Build.0 = Release|Any CPU
	EndGlobalSection
	GlobalSection(SolutionProperties) = preSolution
		HideSolutionNode = FALSE
	EndGlobalSection
	GlobalSection(ExtensibilityGlobals) = postSolution
		SolutionGuid = {156379E7-3368-45E0-94D4-DBCC47080103}
	EndGlobalSection
EndGlobal
