
Microsoft Visual Studio Solution File, Format Version 12.00
# Visual Studio Version 17
VisualStudioVersion = 17.1.32319.34
MinimumVisualStudioVersion = 10.0.40219.1
Project("{FAE04EC0-301F-11D3-BF4B-00C04F79EFBC}") = "1038", "1038\1038.csproj", "{9E5B1AE0-E45E-4859-8C4F-A3EE3AF811BC}"
EndProject
Global
	GlobalSection(SolutionConfigurationPlatforms) = preSolution
		Debug|Any CPU = Debug|Any CPU
		Release|Any CPU = Release|Any CPU
	EndGlobalSection
	GlobalSection(ProjectConfigurationPlatforms) = postSolution
		{9E5B1AE0-E45E-4859-8C4F-A3EE3AF811BC}.Debug|Any CPU.ActiveCfg = Debug|Any CPU
		{9E5B1AE0-E45E-4859-8C4F-A3EE3AF811BC}.Debug|Any CPU.Build.0 = Debug|Any CPU
		{9E5B1AE0-E45E-4859-8C4F-A3EE3AF811BC}.Release|Any CPU.ActiveCfg = Release|Any CPU
		{9E5B1AE0-E45E-4859-8C4F-A3EE3AF811BC}.Release|Any CPU.Build.0 = Release|Any CPU
	EndGlobalSection
	GlobalSection(SolutionProperties) = preSolution
		HideSolutionNode = FALSE
	EndGlobalSection
	GlobalSection(ExtensibilityGlobals) = postSolution
		SolutionGuid = {0D4ECBA1-ABDC-44D2-A5C3-B21D327AD089}
	EndGlobalSection
EndGlobal
