
Microsoft Visual Studio Solution File, Format Version 12.00
# Visual Studio Version 17
VisualStudioVersion = 17.1.32319.34
MinimumVisualStudioVersion = 10.0.40219.1
Project("{FAE04EC0-301F-11D3-BF4B-00C04F79EFBC}") = "1020", "1020\1020.csproj", "{51547D26-98CA-42CB-98B9-329D0EEE7853}"
EndProject
Global
	GlobalSection(SolutionConfigurationPlatforms) = preSolution
		Debug|Any CPU = Debug|Any CPU
		Release|Any CPU = Release|Any CPU
	EndGlobalSection
	GlobalSection(ProjectConfigurationPlatforms) = postSolution
		{51547D26-98CA-42CB-98B9-329D0EEE7853}.Debug|Any CPU.ActiveCfg = Debug|Any CPU
		{51547D26-98CA-42CB-98B9-329D0EEE7853}.Debug|Any CPU.Build.0 = Debug|Any CPU
		{51547D26-98CA-42CB-98B9-329D0EEE7853}.Release|Any CPU.ActiveCfg = Release|Any CPU
		{51547D26-98CA-42CB-98B9-329D0EEE7853}.Release|Any CPU.Build.0 = Release|Any CPU
	EndGlobalSection
	GlobalSection(SolutionProperties) = preSolution
		HideSolutionNode = FALSE
	EndGlobalSection
	GlobalSection(ExtensibilityGlobals) = postSolution
		SolutionGuid = {FB2007B1-7E27-4F99-ABF5-435D06B19724}
	EndGlobalSection
EndGlobal
