
Microsoft Visual Studio Solution File, Format Version 12.00
# Visual Studio Version 17
VisualStudioVersion = 17.1.32319.34
MinimumVisualStudioVersion = 10.0.40219.1
Project("{FAE04EC0-301F-11D3-BF4B-00C04F79EFBC}") = "2", "2\2.csproj", "{FCFB7408-8825-4E23-8BC1-2A502BB36DD7}"
EndProject
Global
	GlobalSection(SolutionConfigurationPlatforms) = preSolution
		Debug|Any CPU = Debug|Any CPU
		Release|Any CPU = Release|Any CPU
	EndGlobalSection
	GlobalSection(ProjectConfigurationPlatforms) = postSolution
		{FCFB7408-8825-4E23-8BC1-2A502BB36DD7}.Debug|Any CPU.ActiveCfg = Debug|Any CPU
		{FCFB7408-8825-4E23-8BC1-2A502BB36DD7}.Debug|Any CPU.Build.0 = Debug|Any CPU
		{FCFB7408-8825-4E23-8BC1-2A502BB36DD7}.Release|Any CPU.ActiveCfg = Release|Any CPU
		{FCFB7408-8825-4E23-8BC1-2A502BB36DD7}.Release|Any CPU.Build.0 = Release|Any CPU
	EndGlobalSection
	GlobalSection(SolutionProperties) = preSolution
		HideSolutionNode = FALSE
	EndGlobalSection
	GlobalSection(ExtensibilityGlobals) = postSolution
		SolutionGuid = {06515B31-0F6A-47BE-9962-10020564EA52}
	EndGlobalSection
EndGlobal
