
Microsoft Visual Studio Solution File, Format Version 12.00
# Visual Studio Version 17
VisualStudioVersion = 17.1.32319.34
MinimumVisualStudioVersion = 10.0.40219.1
Project("{FAE04EC0-301F-11D3-BF4B-00C04F79EFBC}") = "1049", "1049\1049.csproj", "{479D2ADA-B304-419A-9C4C-C7150F6CD4A0}"
EndProject
Global
	GlobalSection(SolutionConfigurationPlatforms) = preSolution
		Debug|Any CPU = Debug|Any CPU
		Release|Any CPU = Release|Any CPU
	EndGlobalSection
	GlobalSection(ProjectConfigurationPlatforms) = postSolution
		{479D2ADA-B304-419A-9C4C-C7150F6CD4A0}.Debug|Any CPU.ActiveCfg = Debug|Any CPU
		{479D2ADA-B304-419A-9C4C-C7150F6CD4A0}.Debug|Any CPU.Build.0 = Debug|Any CPU
		{479D2ADA-B304-419A-9C4C-C7150F6CD4A0}.Release|Any CPU.ActiveCfg = Release|Any CPU
		{479D2ADA-B304-419A-9C4C-C7150F6CD4A0}.Release|Any CPU.Build.0 = Release|Any CPU
	EndGlobalSection
	GlobalSection(SolutionProperties) = preSolution
		HideSolutionNode = FALSE
	EndGlobalSection
	GlobalSection(ExtensibilityGlobals) = postSolution
		SolutionGuid = {D394B023-0C01-44DB-BDC1-23A4781210AC}
	EndGlobalSection
EndGlobal
