
Microsoft Visual Studio Solution File, Format Version 12.00
# Visual Studio Version 17
VisualStudioVersion = 17.3.32922.545
MinimumVisualStudioVersion = 10.0.40219.1
Project("{FAE04EC0-301F-11D3-BF4B-00C04F79EFBC}") = "ArrayList", "ArrayList\ArrayList.csproj", "{3EBE0153-8869-41CC-870D-DE9E41181EB5}"
EndProject
Project("{FAE04EC0-301F-11D3-BF4B-00C04F79EFBC}") = "ExercicioArrayList", "ExercicioArrayList\ExercicioArrayList.csproj", "{494831CA-2227-4F15-8B11-2C283EC9FF29}"
EndProject
Global
	GlobalSection(SolutionConfigurationPlatforms) = preSolution
		Debug|Any CPU = Debug|Any CPU
		Release|Any CPU = Release|Any CPU
	EndGlobalSection
	GlobalSection(ProjectConfigurationPlatforms) = postSolution
		{3EBE0153-8869-41CC-870D-DE9E41181EB5}.Debug|Any CPU.ActiveCfg = Debug|Any CPU
		{3EBE0153-8869-41CC-870D-DE9E41181EB5}.Debug|Any CPU.Build.0 = Debug|Any CPU
		{3EBE0153-8869-41CC-870D-DE9E41181EB5}.Release|Any CPU.ActiveCfg = Release|Any CPU
		{3EBE0153-8869-41CC-870D-DE9E41181EB5}.Release|Any CPU.Build.0 = Release|Any CPU
		{494831CA-2227-4F15-8B11-2C283EC9FF29}.Debug|Any CPU.ActiveCfg = Debug|Any CPU
		{494831CA-2227-4F15-8B11-2C283EC9FF29}.Debug|Any CPU.Build.0 = Debug|Any CPU
		{494831CA-2227-4F15-8B11-2C283EC9FF29}.Release|Any CPU.ActiveCfg = Release|Any CPU
		{494831CA-2227-4F15-8B11-2C283EC9FF29}.Release|Any CPU.Build.0 = Release|Any CPU
	EndGlobalSection
	GlobalSection(SolutionProperties) = preSolution
		HideSolutionNode = FALSE
	EndGlobalSection
	GlobalSection(ExtensibilityGlobals) = postSolution
		SolutionGuid = {DFB488B0-2C35-464B-877F-678ECF02EA7C}
	EndGlobalSection
EndGlobal
