
Microsoft Visual Studio Solution File, Format Version 12.00
# Visual Studio Version 17
VisualStudioVersion = 17.1.32319.34
MinimumVisualStudioVersion = 10.0.40219.1
Project("{FAE04EC0-301F-11D3-BF4B-00C04F79EFBC}") = "1037", "1037\1037.csproj", "{1F107DE4-AB8E-4027-A549-EC841C06A462}"
EndProject
Global
	GlobalSection(SolutionConfigurationPlatforms) = preSolution
		Debug|Any CPU = Debug|Any CPU
		Release|Any CPU = Release|Any CPU
	EndGlobalSection
	GlobalSection(ProjectConfigurationPlatforms) = postSolution
		{1F107DE4-AB8E-4027-A549-EC841C06A462}.Debug|Any CPU.ActiveCfg = Debug|Any CPU
		{1F107DE4-AB8E-4027-A549-EC841C06A462}.Debug|Any CPU.Build.0 = Debug|Any CPU
		{1F107DE4-AB8E-4027-A549-EC841C06A462}.Release|Any CPU.ActiveCfg = Release|Any CPU
		{1F107DE4-AB8E-4027-A549-EC841C06A462}.Release|Any CPU.Build.0 = Release|Any CPU
	EndGlobalSection
	GlobalSection(SolutionProperties) = preSolution
		HideSolutionNode = FALSE
	EndGlobalSection
	GlobalSection(ExtensibilityGlobals) = postSolution
		SolutionGuid = {5AA72850-2AAE-41FE-992B-B33F648B9DAB}
	EndGlobalSection
EndGlobal
