
Microsoft Visual Studio Solution File, Format Version 12.00
# Visual Studio Version 17
VisualStudioVersion = 17.1.32319.34
MinimumVisualStudioVersion = 10.0.40219.1
Project("{FAE04EC0-301F-11D3-BF4B-00C04F79EFBC}") = "4", "4\4.csproj", "{6414FD28-32F7-427C-8872-62AC82EDBD30}"
EndProject
Global
	GlobalSection(SolutionConfigurationPlatforms) = preSolution
		Debug|Any CPU = Debug|Any CPU
		Release|Any CPU = Release|Any CPU
	EndGlobalSection
	GlobalSection(ProjectConfigurationPlatforms) = postSolution
		{6414FD28-32F7-427C-8872-62AC82EDBD30}.Debug|Any CPU.ActiveCfg = Debug|Any CPU
		{6414FD28-32F7-427C-8872-62AC82EDBD30}.Debug|Any CPU.Build.0 = Debug|Any CPU
		{6414FD28-32F7-427C-8872-62AC82EDBD30}.Release|Any CPU.ActiveCfg = Release|Any CPU
		{6414FD28-32F7-427C-8872-62AC82EDBD30}.Release|Any CPU.Build.0 = Release|Any CPU
	EndGlobalSection
	GlobalSection(SolutionProperties) = preSolution
		HideSolutionNode = FALSE
	EndGlobalSection
	GlobalSection(ExtensibilityGlobals) = postSolution
		SolutionGuid = {40D43E27-8E4E-4519-A52A-6C4ACCFE4C64}
	EndGlobalSection
EndGlobal
