
Microsoft Visual Studio Solution File, Format Version 12.00
# Visual Studio Version 17
VisualStudioVersion = 17.1.32319.34
MinimumVisualStudioVersion = 10.0.40219.1
Project("{FAE04EC0-301F-11D3-BF4B-00C04F79EFBC}") = "1042", "1042\1042.csproj", "{C31D78A1-F7F6-415C-9781-1E36C4176FBB}"
EndProject
Global
	GlobalSection(SolutionConfigurationPlatforms) = preSolution
		Debug|Any CPU = Debug|Any CPU
		Release|Any CPU = Release|Any CPU
	EndGlobalSection
	GlobalSection(ProjectConfigurationPlatforms) = postSolution
		{C31D78A1-F7F6-415C-9781-1E36C4176FBB}.Debug|Any CPU.ActiveCfg = Debug|Any CPU
		{C31D78A1-F7F6-415C-9781-1E36C4176FBB}.Debug|Any CPU.Build.0 = Debug|Any CPU
		{C31D78A1-F7F6-415C-9781-1E36C4176FBB}.Release|Any CPU.ActiveCfg = Release|Any CPU
		{C31D78A1-F7F6-415C-9781-1E36C4176FBB}.Release|Any CPU.Build.0 = Release|Any CPU
	EndGlobalSection
	GlobalSection(SolutionProperties) = preSolution
		HideSolutionNode = FALSE
	EndGlobalSection
	GlobalSection(ExtensibilityGlobals) = postSolution
		SolutionGuid = {D381E502-4835-4E6E-A88A-32ED68E830BB}
	EndGlobalSection
EndGlobal
