
Microsoft Visual Studio Solution File, Format Version 12.00
# Visual Studio Version 17
VisualStudioVersion = 17.1.32319.34
MinimumVisualStudioVersion = 10.0.40219.1
Project("{FAE04EC0-301F-11D3-BF4B-00C04F79EFBC}") = "4", "4\4.csproj", "{6B65CEA9-EE22-402D-8CB7-7290CFBDDED0}"
EndProject
Global
	GlobalSection(SolutionConfigurationPlatforms) = preSolution
		Debug|Any CPU = Debug|Any CPU
		Release|Any CPU = Release|Any CPU
	EndGlobalSection
	GlobalSection(ProjectConfigurationPlatforms) = postSolution
		{6B65CEA9-EE22-402D-8CB7-7290CFBDDED0}.Debug|Any CPU.ActiveCfg = Debug|Any CPU
		{6B65CEA9-EE22-402D-8CB7-7290CFBDDED0}.Debug|Any CPU.Build.0 = Debug|Any CPU
		{6B65CEA9-EE22-402D-8CB7-7290CFBDDED0}.Release|Any CPU.ActiveCfg = Release|Any CPU
		{6B65CEA9-EE22-402D-8CB7-7290CFBDDED0}.Release|Any CPU.Build.0 = Release|Any CPU
	EndGlobalSection
	GlobalSection(SolutionProperties) = preSolution
		HideSolutionNode = FALSE
	EndGlobalSection
	GlobalSection(ExtensibilityGlobals) = postSolution
		SolutionGuid = {E0A83688-248E-43BD-9C3A-E60A86168971}
	EndGlobalSection
EndGlobal
